# generated by rye
# use `rye lock` or `rye sync` to update this lockfile
#
# last locked with the following flags:
#   pre: false
#   features: []
#   all-features: false
#   with-sources: false
#   generate-hashes: false
#   universal: false

-e file:.
absl-py==2.1.0
    # via tensorboard
aiofiles==23.2.1
    # via gradio
aiohappyeyeballs==2.4.4
    # via aiohttp
aiohttp==3.11.11
    # via fsspec
aiosignal==1.3.2
    # via aiohttp
altair==5.3.0
    # via gradio
annotated-types==0.7.0
    # via pydantic
antlr4-python3-runtime==4.9.3
    # via hydra-core
    # via omegaconf
anyio==4.8.0
    # via httpx
    # via starlette
    # via watchfiles
attrs==24.3.0
    # via aiohttp
    # via jsonschema
    # via referencing
audioread==3.0.1
    # via librosa
beautifulsoup4==4.12.3
    # via gdown
certifi==2022.12.7
    # via httpcore
    # via httpx
    # via requests
cffi==1.17.1
    # via soundfile
charset-normalizer==2.1.1
    # via requests
click==8.1.8
    # via typer
    # via uvicorn
coloredlogs==15.0.1
    # via onnxruntime-gpu
conformer==0.3.2
    # via cosyvoice
contourpy==1.3.1
    # via matplotlib
cycler==0.12.1
    # via matplotlib
decorator==5.1.1
    # via librosa
deepspeed==0.16.2
    # via cosyvoice
diffusers==0.32.1
    # via cosyvoice
einops==0.8.0
    # via conformer
    # via deepspeed
fastapi==0.115.6
    # via cosyvoice
    # via gradio
fastapi-cli==0.0.5
    # via cosyvoice
ffmpy==0.5.0
    # via gradio
filelock==3.13.1
    # via diffusers
    # via gdown
    # via huggingface-hub
    # via torch
    # via transformers
    # via triton
flatbuffers==24.12.23
    # via onnxruntime-gpu
fonttools==4.55.3
    # via matplotlib
frozenlist==1.5.0
    # via aiohttp
    # via aiosignal
fsspec==2024.2.0
    # via gradio-client
    # via huggingface-hub
    # via lightning
    # via pytorch-lightning
    # via torch
gdown==5.2.0
    # via cosyvoice
gradio==3.43.2
    # via cosyvoice
gradio-client==0.5.0
    # via gradio
grpcio==1.69.0
    # via cosyvoice
    # via grpcio-tools
    # via tensorboard
grpcio-tools==1.69.0
    # via cosyvoice
h11==0.14.0
    # via httpcore
    # via uvicorn
hjson==3.1.0
    # via deepspeed
httpcore==1.0.7
    # via httpx
httptools==0.6.4
    # via uvicorn
httpx==0.28.1
    # via gradio
    # via gradio-client
huggingface-hub==0.27.1
    # via cosyvoice
    # via diffusers
    # via gradio
    # via gradio-client
    # via tokenizers
    # via transformers
humanfriendly==10.0
    # via coloredlogs
hydra-core==1.3.2
    # via cosyvoice
hyperpyyaml==1.2.2
    # via cosyvoice
idna==3.4
    # via anyio
    # via httpx
    # via requests
    # via yarl
importlib-metadata==8.5.0
    # via diffusers
importlib-resources==6.5.2
    # via gradio
    # via wetextprocessing
inflect==7.5.0
    # via cosyvoice
jinja2==3.1.3
    # via altair
    # via gradio
    # via torch
joblib==1.4.2
    # via librosa
    # via scikit-learn
jsonschema==4.23.0
    # via altair
jsonschema-specifications==2024.10.1
    # via jsonschema
kiwisolver==1.4.8
    # via matplotlib
lazy-loader==0.4
    # via librosa
librosa==0.10.2.post1
    # via cosyvoice
lightning==2.5.0.post0
    # via cosyvoice
lightning-utilities==0.11.8
    # via lightning
    # via pytorch-lightning
    # via torchmetrics
llvmlite==0.43.0
    # via numba
markdown==3.7
    # via tensorboard
markdown-it-py==3.0.0
    # via rich
markupsafe==2.1.5
    # via gradio
    # via jinja2
    # via werkzeug
matplotlib==3.10.0
    # via cosyvoice
    # via gradio
mdurl==0.1.2
    # via markdown-it-py
modelscope==1.22.0
    # via cosyvoice
more-itertools==10.5.0
    # via inflect
    # via openai-whisper
mpmath==1.3.0
    # via sympy
msgpack==1.1.0
    # via deepspeed
    # via librosa
multidict==6.1.0
    # via aiohttp
    # via yarl
networkx==3.2.1
    # via cosyvoice
    # via torch
ninja==1.11.1.3
    # via deepspeed
numba==0.60.0
    # via librosa
    # via openai-whisper
numpy==1.26.3
    # via altair
    # via contourpy
    # via deepspeed
    # via diffusers
    # via gradio
    # via librosa
    # via matplotlib
    # via numba
    # via onnx
    # via onnxruntime-gpu
    # via openai-whisper
    # via pandas
    # via scikit-learn
    # via scipy
    # via soundfile
    # via soxr
    # via tensorboard
    # via torchmetrics
    # via transformers
nvidia-cublas-cu12==12.4.2.65
    # via nvidia-cudnn-cu12
    # via nvidia-cusolver-cu12
    # via torch
nvidia-cuda-cupti-cu12==12.4.99
    # via torch
nvidia-cuda-nvrtc-cu12==12.4.99
    # via torch
nvidia-cuda-runtime-cu12==12.4.99
    # via tensorrt-cu12-libs
    # via torch
nvidia-cudnn-cu12==9.1.0.70
    # via torch
nvidia-cufft-cu12==11.2.0.44
    # via torch
nvidia-curand-cu12==10.3.5.119
    # via torch
nvidia-cusolver-cu12==11.6.0.99
    # via torch
nvidia-cusparse-cu12==12.3.0.142
    # via nvidia-cusolver-cu12
    # via torch
nvidia-nccl-cu12==2.20.5
    # via torch
nvidia-nvjitlink-cu12==12.4.99
    # via nvidia-cusolver-cu12
    # via nvidia-cusparse-cu12
    # via torch
nvidia-nvtx-cu12==12.4.99
    # via torch
omegaconf==2.3.0
    # via cosyvoice
    # via hydra-core
onnx==1.17.0
    # via cosyvoice
onnxruntime-gpu==1.20.1
    # via cosyvoice
openai-whisper==20240930
    # via cosyvoice
orjson==3.10.14
    # via gradio
packaging==24.1
    # via altair
    # via deepspeed
    # via gradio
    # via gradio-client
    # via huggingface-hub
    # via hydra-core
    # via lazy-loader
    # via lightning
    # via lightning-utilities
    # via matplotlib
    # via onnxruntime-gpu
    # via pooch
    # via pytorch-lightning
    # via tensorboard
    # via torchmetrics
    # via transformers
pandas==2.2.3
    # via altair
    # via gradio
pillow==10.2.0
    # via diffusers
    # via gradio
    # via matplotlib
platformdirs==4.3.6
    # via pooch
pooch==1.8.2
    # via librosa
propcache==0.2.1
    # via aiohttp
    # via yarl
protobuf==5.29.3
    # via cosyvoice
    # via grpcio-tools
    # via onnx
    # via onnxruntime-gpu
    # via tensorboard
psutil==6.1.1
    # via deepspeed
py-cpuinfo==9.0.0
    # via deepspeed
pyarrow==18.1.0
    # via cosyvoice
pycparser==2.22
    # via cffi
pydantic==2.9.2
    # via cosyvoice
    # via deepspeed
    # via fastapi
    # via gradio
pydantic-core==2.23.4
    # via pydantic
pydub==0.25.1
    # via gradio
pygments==2.19.1
    # via rich
pynini==2.1.6
    # via wetextprocessing
pyparsing==3.2.1
    # via matplotlib
pysocks==1.7.1
    # via requests
python-dateutil==2.9.0.post0
    # via matplotlib
    # via pandas
python-dotenv==1.0.1
    # via uvicorn
python-multipart==0.0.20
    # via gradio
pytorch-lightning==2.5.0.post0
    # via lightning
pytz==2024.2
    # via pandas
pyyaml==6.0.2
    # via gradio
    # via huggingface-hub
    # via hyperpyyaml
    # via lightning
    # via omegaconf
    # via pytorch-lightning
    # via transformers
    # via uvicorn
referencing==0.35.1
    # via jsonschema
    # via jsonschema-specifications
regex==2024.11.6
    # via diffusers
    # via tiktoken
    # via transformers
requests==2.28.1
    # via diffusers
    # via gdown
    # via gradio
    # via gradio-client
    # via huggingface-hub
    # via modelscope
    # via pooch
    # via tiktoken
    # via transformers
rich==13.9.4
    # via cosyvoice
    # via typer
rpds-py==0.22.3
    # via jsonschema
    # via referencing
ruamel-yaml==0.18.10
    # via hyperpyyaml
ruamel-yaml-clib==0.2.12
    # via ruamel-yaml
safetensors==0.5.2
    # via diffusers
    # via transformers
scikit-learn==1.6.1
    # via librosa
scipy==1.15.1
    # via librosa
    # via scikit-learn
semantic-version==2.10.0
    # via gradio
setuptools==70.0.0
    # via grpcio-tools
    # via lightning-utilities
    # via tensorboard
shellingham==1.5.4
    # via typer
six==1.17.0
    # via python-dateutil
    # via tensorboard
sniffio==1.3.1
    # via anyio
soundfile==0.13.0
    # via cosyvoice
    # via librosa
soupsieve==2.6
    # via beautifulsoup4
soxr==0.5.0.post1
    # via librosa
starlette==0.41.3
    # via fastapi
sympy==1.13.1
    # via onnxruntime-gpu
    # via torch
tensorboard==2.18.0
    # via cosyvoice
tensorboard-data-server==0.7.2
    # via tensorboard
tensorrt-cu12==10.7.0
    # via cosyvoice
tensorrt-cu12-bindings==10.7.0
    # via cosyvoice
tensorrt-cu12-libs==10.7.0
    # via cosyvoice
threadpoolctl==3.5.0
    # via scikit-learn
tiktoken==0.8.0
    # via openai-whisper
tokenizers==0.21.0
    # via transformers
toolz==1.0.0
    # via altair
torch==2.4.0+cu124
    # via conformer
    # via cosyvoice
    # via deepspeed
    # via lightning
    # via openai-whisper
    # via pytorch-lightning
    # via torchaudio
    # via torchmetrics
torchaudio==2.4.0+cu124
    # via cosyvoice
torchmetrics==1.0.3
    # via lightning
    # via pytorch-lightning
tqdm==4.66.5
    # via deepspeed
    # via gdown
    # via huggingface-hub
    # via lightning
    # via modelscope
    # via openai-whisper
    # via pytorch-lightning
    # via transformers
transformers==4.48.0
    # via cosyvoice
triton==3.0.0
    # via openai-whisper
    # via torch
typeguard==4.2.0
    # via inflect
typer==0.15.1
    # via fastapi-cli
typing-extensions==4.9.0
    # via anyio
    # via fastapi
    # via gradio
    # via gradio-client
    # via huggingface-hub
    # via librosa
    # via lightning
    # via lightning-utilities
    # via pydantic
    # via pydantic-core
    # via pytorch-lightning
    # via torch
    # via typeguard
    # via typer
tzdata==2024.2
    # via pandas
urllib3==1.26.13
    # via modelscope
    # via requests
uvicorn==0.34.0
    # via cosyvoice
    # via fastapi-cli
    # via gradio
uvloop==0.21.0
    # via uvicorn
watchfiles==1.0.4
    # via uvicorn
websockets==11.0.3
    # via gradio
    # via gradio-client
    # via uvicorn
werkzeug==3.1.3
    # via tensorboard
wetextprocessing==1.0.4.1
    # via cosyvoice
wget==3.2
    # via cosyvoice
yarl==1.18.3
    # via aiohttp
zipp==3.21.0
    # via importlib-metadata
